{
  "nodes": {
    "cattle": {
      "locked": {
        "lastModified": 1788778392,
        "narHash": "sha256-Ahfal2xHMZwPE917ZS/CNNywFJj2tWkruiRAo+WjIAg=",
        "ref": "v1",
        "rev": "60dbdebaa2728eed1f155507e9cc7fb82fa1455d",
        "type": "git",
        "url": "https://github.com/charlesbaynham/nix-proxmox-cattle"
      },
      "original": {
        "ref": "v1",
        "type": "git",
        "url": "https://github.com/charlesbaynham/nix-proxmox-cattle"
      }
    },
    "nixpkgs": {
      "locked": {
        "lastModified": 1788690626,
        "narHash": "sha256-+v4I4LawmRD/mVxO7QIAerRrCkElp3YImzWkkUnvOTg=",
        "owner": "NixOS",
        "repo": "nixpkgs",
        "rev": "c25784012c9982bca5b3e0de87e90bbdac8927d3",
        "type": "github"
      },
      "original": {
        "owner": "NixOS",
        "ref": "nixos-26.05",
        "repo": "nixpkgs",
        "type": "github"
      }
    },
    "root": {
      "inputs": {
        "cattle": "cattle",
        "nixpkgs": "nixpkgs"
      }
    }
  },
  "root": "root",
  "version": 7
}
